github.com/afex/hystrix-go v0.0.0-20180502004556-fa1af6a1f4f5 h1:rFw4nCn9iMW+Vajsk51NtYIcwSTkXr+JGrMd36kTDJw=
github.com/afex/hystrix-go v0.0.0-20180502004556-fa1af6a1f4f5/go.mod h1:SkGFH1ia65gfNATL8TAiHDNxPzPdmEL5uirI2Uyuz6c=
github.com/apex/log v1.0.0 h1:5UWeZC54mWVtOGSCjtuvDPgY/o0QxmjQgvYZ27pLVGQ=
github.com/apex/log v1.0.0/go.mod h1:yA770aXIDQrhVOIGurT/pVdfCpSq1GQV/auzMN5fzvY=
github.com/davecgh/go-spew v1.1.0/go.mod h1:J7Y8YcW2NihsgmVo/mv3lAwl/skON4iLHjSsI+c5H38=
github.com/gojektech/heimdall v3.0.1+incompatible h1:lG0DwR+qC+gOpAtF4uC+IAOB8Log+ZZecYBHjqO/5oI=
github.com/gojektech/heimdall v3.0.1+incompatible/go.mod h1:8hRIZ3+Kz0r3GAFI9QrUuvZht8ypg5Rs8schCXioLOo=
github.com/gojektech/valkyrie v0.0.0-20180215180059-6aee720afcdf h1:WUa/Tvd+vZuW17gOND3CryHvG0yc2nhC1gr+H2F7bFM=
github.com/gojektech/valkyrie v0.0.0-20180215180059-6aee720afcdf/go.mod h1:tDYRk1s5Pms6XJjj5m2PxAzmQvaDU8GqDf1u6x7yxKw=
github.com/inconshreveable/mousetrap v1.0.0/go.mod h1:PxqpIevigyE2G7u3NXJIT2ANytuPF1OarO4DADm73n8=
github.com/pkg/errors v0.8.0 h1:WdK/asTD0HN+q6hsWO3/vpuAkAr+tw6aNJNDFFf0+qw=
github.com/pkg/errors v0.8.0/go.mod h1:bwawxfHBFNV+L2hUp1rHADufV3IMtnDRdf1r5NINEl0=
github.com/pmezard/go-difflib v1.0.0/go.mod h1:iKH77koFhYxTK1pcRnkKkqfTogsbg7gZNVY4sRDYZ/4=
github.com/spf13/cobra v0.0.3 h1:ZlrZ4XsMRm04Fr5pSFxBgfND2EBVa1nLpiy1stUsX/8=
github.com/spf13/cobra v0.0.3/go.mod h1:1l0Ry5zgKvJasoi3XT1TypsSe7PqH0Sj9dhYf7v3XqQ=
github.com/spf13/pflag v1.0.1 h1:aCvUg6QPl3ibpQUxyLkrEkCHtPqYJL4x9AuhqVqFis4=
github.com/spf13/pflag v1.0.1/go.mod h1:DYY7MBk1bdzusC3SYhjObp+wFpr4gzcvqqNjLnInEg4=
github.com/stretchr/testify v1.2.2/go.mod h1:a8OnRcib4nhh0OaRAV+Yts87kKdq0PP7pXfy6kDkUVs=
github.com/tcnksm/go-httpstat v0.2.0 h1:rP7T5e5U2HfmOBmZzGgGZjBQ5/GluWUylujl0tJ04I0=
github.com/tcnksm/go-httpstat v0.2.0/go.mod h1:s3JVJFtQxtBEBC9dwcdTTXS9xFnM3SXAZwPG41aurT8=
golang.org/x/net v0.0.0-20180712202826-d0887baf81f4 h1:KDF3PK6A+dkI7c4O8QbMtJqcXE3LdNJFGZECIlifQOg=
golang.org/x/net v0.0.0-20180712202826-d0887baf81f4/go.mod h1:mL1N/T3taQHkDXs73rZJwtUhF3w3ftmwwsq0BUmARs4=
golang.org/x/sync v0.0.0-20180314180146-1d60e4601c6f h1:wMNYb4v58l5UBM7MYRLPG6ZhfOqbKu7X5eyFl8ZhKvA=
golang.org/x/sync v0.0.0-20180314180146-1d60e4601c6f/go.mod h1:RxMgew5VJxzue5/jJTE5uejpjVlOe/izrB70Jof72aM=
